{
  "lockfileVersion": 2,
  "configVersion": 1,
  "workspaces": {
    "": {
      "name": "ghostinit",
      "dependencies": {
        "@chargily/chargily-pay": "2.1.0",
        "@clack/prompts": "1.7.0",
        "oxc-parser": "0.147.0",
        "oxfmt": "0.65.0",
        "zod": "4.4.3",
      },
      "devDependencies": {
        "@electric-sql/pglite": "0.5.7",
        "@electric-sql/pglite-socket": "0.2.10",
        "@orpc/contract": "1.15.0",
        "@orpc/server": "1.15.0",
        "@orpc/zod": "1.15.0",
        "@types/bun": "1.4.0",
        "@types/node": "24.13.3",
        "ajv": "8.20.0",
        "drizzle-orm": "0.45.2",
        "eve": "0.44.4",
        "oxlint": "1.80.0",
        "typescript": "7.0.2",
      },
    },
    "packages/versions": {
      "name": "@repo/versions",
      "version": "0.1.0",
    },
    "tooling/typescript-config": {
      "name": "@repo/typescript-config",
      "version": "0.1.0",
    },
  },
  "overrides": {
    "@types/node": "24.13.3",
  },
  "packages": {
    "@ai-sdk/gateway": ["@ai-sdk/gateway@4.0.64", "", { "dependencies": { "@ai-sdk/provider": "4.0.8", "@ai-sdk/provider-utils": "5.0.30", "@vercel/oidc": "3.2.0" }, "peerDependencies": { "zod": "^3.25.76 || ^4.1.8" } }, "sha512-iayK1z11I0b3sgbP3j6eKQypfpwO5Fbtaq1Mkwv7YxwGQG1YTNr5QAjyYsSfqyf/58WUOLWz2cTBpk+ExZVgpw=="],

    "@ai-sdk/provider": ["@ai-sdk/provider@4.0.8", "", { "dependencies": { "json-schema": "^0.4.0" } }, "sha512-aWO7iwhFUGf347tCwNGggggfmZigaSu7TF739IZSrWWABUp7zkb4Cr3fMqvBe5EIS7ABJJu3Cadn0g/zs1G0QQ=="],

    "@ai-sdk/provider-utils": ["@ai-sdk/provider-utils@5.0.30", "", { "dependencies": { "@ai-sdk/provider": "4.0.8", "@standard-schema/spec": "^1.1.0", "@workflow/serde": "4.1.0", "eventsource-parser": "^3.0.8", "undici": "^7.28.0" }, "peerDependencies": { "zod": "^3.25.76 || ^4.1.8" } }, "sha512-9TyxUXolql77ntHIeygLqt7PO1O0HZPB73cJhLG2OsPecSBRIZhNXLxT1T7rlL6Zpm1eDoLMFrMV99kAJ28/Sg=="],

    "@chargily/chargily-pay": ["@chargily/chargily-pay@2.1.0", "", {}, "sha512-BMmvgowoZN2ETqNcSTle7VIVX4wHYvxTzk1Cu3o1TV+1Lj2P1hznIo6dgj7Die9ALUsBAnSR+SjuhYsrN1LlPw=="],

    "@clack/core": ["@clack/core@1.4.3", "", { "dependencies": { "fast-wrap-ansi": "^0.2.0", "sisteransi": "^1.0.5" } }, "sha512-/kr3UWNtdJfxZtPgDqUOmG2pvwlmcLGheex5yiZKdwbzZJxhV+HMNR9QNmyY5cGwTNV6LrR7Jtp+KjhUAP1qBQ=="],

    "@clack/prompts": ["@clack/prompts@1.7.0", "", { "dependencies": { "@clack/core": "1.4.3", "fast-string-width": "^3.0.2", "fast-wrap-ansi": "^0.2.0", "sisteransi": "^1.0.5" } }, "sha512-y7/yvZ2TPAnR9+jnc00klvNNLkJiXFFrQA/hlLCcxA9a2A4zQIOimyFQ9XfwYKiGD1fb5GY8vbKIIgO8d5Tb2A=="],

    "@electric-sql/pglite": ["@electric-sql/pglite@0.5.7", "", {}, "sha512-6WBks0NFO6YUhGP03mCNkbJuVFWwrZPrzZ/vsnAPnsCD28pybdZ+yoTrlLlWFoZst3kdaju5pxIslV/jrr36nQ=="],

    "@electric-sql/pglite-age": ["@electric-sql/pglite-age@0.0.8", "", { "peerDependencies": { "@electric-sql/pglite": "0.5.7" } }, "sha512-w9lZ5UClBKLlmx5aIxOF+w6FHdL2CnUQ315r9xiFJROg0RB+3ocnmjXMYf2LX8gLxhNJ2MHWkmdqDb2jzs97mg=="],

    "@electric-sql/pglite-pg_hashids": ["@electric-sql/pglite-pg_hashids@0.0.8", "", { "peerDependencies": { "@electric-sql/pglite": "0.5.7" } }, "sha512-2ZHMP/+dDYu/W90IiRmHeXoGcha22LF+1+ZoN+M+ldH2awv9JvHQFZzYRdbHHmzk12wQykaSWkjB8tA1WZ0fcA=="],

    "@electric-sql/pglite-pg_ivm": ["@electric-sql/pglite-pg_ivm@0.0.8", "", { "peerDependencies": { "@electric-sql/pglite": "0.5.7" } }, "sha512-Q0Xt/Ao11ONSvfR8fsXmJnCfVauwU2cbIhg5eU3g4EHvwVZuVYW3UjwYl05VhdZyvkYwCn5HHp0gk6fKeGcr+Q=="],

    "@electric-sql/pglite-pg_textsearch": ["@electric-sql/pglite-pg_textsearch@0.0.9", "", { "peerDependencies": { "@electric-sql/pglite": "0.5.7" } }, "sha512-28lQwmxrG2/9j0louq3XpDoNzu7ZWRdZWlVf0OQn0j4/O2QqDA2PTzKoFc0mWaJcRQO9o6GO/a0WGRnzD0e4sQ=="],

    "@electric-sql/pglite-pg_uuidv7": ["@electric-sql/pglite-pg_uuidv7@0.0.8", "", { "peerDependencies": { "@electric-sql/pglite": "0.5.7" } }, "sha512-56JwssHf99E88P86gwF92vt2JdCy+f7d/MCYpkNR9vKnZJDIUkraUaXXrOCk7ReWgHFCmzZnu9rqo9xUbxpTWA=="],

    "@electric-sql/pglite-pgtap": ["@electric-sql/pglite-pgtap@0.0.8", "", { "peerDependencies": { "@electric-sql/pglite": "0.5.7" } }, "sha512-4fx+AlHiR2YuM12SLsJvwp5e5qH3OWfrZG2K8LMQNw8qFfjJoZuhErufgJ40J7rMcAws4irrMBA4dcOwusDYRA=="],

    "@electric-sql/pglite-pgvector": ["@electric-sql/pglite-pgvector@0.0.8", "", { "peerDependencies": { "@electric-sql/pglite": "0.5.7" } }, "sha512-Ll1OEF7TLmcvDWT0RkaG/PjYbJ3Xj/YJ6L1GgLsyUp+9N8WIH4Dryj39D0IiEg8IeknZ6AKyBgpba4XJjABEQQ=="],

    "@electric-sql/pglite-socket": ["@electric-sql/pglite-socket@0.2.10", "", { "peerDependencies": { "@electric-sql/pglite": "0.5.7", "@electric-sql/pglite-age": "0.0.8", "@electric-sql/pglite-pg_hashids": "0.0.8", "@electric-sql/pglite-pg_ivm": "0.0.8", "@electric-sql/pglite-pg_textsearch": "0.0.9", "@electric-sql/pglite-pg_uuidv7": "0.0.8", "@electric-sql/pglite-pgtap": "0.0.8", "@electric-sql/pglite-pgvector": "0.0.8" }, "bin": { "pglite-server": "dist/scripts/server.js" } }, "sha512-pQpeQrx3qKMv5aeKQEHmCt3NwijaM97mk7EvXIvKCnLsmI/jAp1gYZtTGOPB4GHkHmV0fCVA9QYkug6TewzqZg=="],

    "@orpc/client": ["@orpc/client@1.15.0", "", { "dependencies": { "@orpc/shared": "1.15.0", "@orpc/standard-server": "1.15.0", "@orpc/standard-server-fetch": "1.15.0", "@orpc/standard-server-peer": "1.15.0" } }, "sha512-Qt0FdPSGySdQwy83iUWOq+Iqhw2gM9qHtyxfBbcw1mwOz1s4O2BwUFA3ymVTLIRRNYRgPrQLaBZhp8CacqeePg=="],

    "@orpc/contract": ["@orpc/contract@1.15.0", "", { "dependencies": { "@orpc/client": "1.15.0", "@orpc/shared": "1.15.0", "@standard-schema/spec": "^1.1.0", "openapi-types": "^12.1.3" } }, "sha512-zo8+x+5iqnIMrFdcj+ibVgn6dJneWzLNcD3kZQxrJFGFNAFoxvZbwryR5wOdcHkaSCeS3N7Ib2NydU6pihSYmg=="],

    "@orpc/interop": ["@orpc/interop@1.15.0", "", {}, "sha512-Ah48o/rc00rN1yP5HcaoVsDCjdUhoh3JP1VibBbvwijhGvdOwRwiw5RWiGu442GSKcrPt9etAGhWXH88q8C3ww=="],

    "@orpc/json-schema": ["@orpc/json-schema@1.15.0", "", { "dependencies": { "@orpc/contract": "1.15.0", "@orpc/interop": "1.15.0", "@orpc/openapi": "1.15.0", "@orpc/server": "1.15.0", "@orpc/shared": "1.15.0", "json-schema-typed": "^8.0.2" } }, "sha512-MH8Qh6yPVaz76BdwcetKMUoL+Fpho1/e30Tb3WawU+EDZGD5jzA7W/KdRGvEYTHGod7qduS/kPd191NCVIEtDw=="],

    "@orpc/openapi": ["@orpc/openapi@1.15.0", "", { "dependencies": { "@orpc/client": "1.15.0", "@orpc/contract": "1.15.0", "@orpc/interop": "1.15.0", "@orpc/openapi-client": "1.15.0", "@orpc/server": "1.15.0", "@orpc/shared": "1.15.0", "@orpc/standard-server": "1.15.0", "json-schema-typed": "^8.0.2", "rou3": "^0.7.12" } }, "sha512-nwdsVkIRTVhW+2kjtEwHQqfkYnmbJN6HTHvBfnt0KYrPftJ7qvwDo4WnoxfS7Q1jdUlVu8griT5cKZ1gAIYcpQ=="],

    "@orpc/openapi-client": ["@orpc/openapi-client@1.15.0", "", { "dependencies": { "@orpc/client": "1.15.0", "@orpc/contract": "1.15.0", "@orpc/shared": "1.15.0", "@orpc/standard-server": "1.15.0" } }, "sha512-MGyMAC6dvQ/YoUARpTN4L1MAnK4L2T3+Z7LA8PVva2rZ8XpKABZRcfqufyPfAC0nu/0uPeebnxHaXZ/OeUIOFg=="],

    "@orpc/server": ["@orpc/server@1.15.0", "", { "dependencies": { "@orpc/client": "1.15.0", "@orpc/contract": "1.15.0", "@orpc/interop": "1.15.0", "@orpc/shared": "1.15.0", "@orpc/standard-server": "1.15.0", "@orpc/standard-server-aws-lambda": "1.15.0", "@orpc/standard-server-fastify": "1.15.0", "@orpc/standard-server-fetch": "1.15.0", "@orpc/standard-server-node": "1.15.0", "@orpc/standard-server-peer": "1.15.0", "cookie": "^1.1.1" }, "peerDependencies": { "crossws": ">=0.3.4", "ws": ">=8.18.1" }, "optionalPeers": ["crossws", "ws"] }, "sha512-l9FnL1MjQ8g77mB10/8D61okuKHLJBWhuwmd6OF65POHzBF177kMCcbHvRFEqUuxSbzP2eNiZGf3kXPMHmIKiQ=="],

    "@orpc/shared": ["@orpc/shared@1.15.0", "", { "dependencies": { "radash": "^12.1.1", "type-fest": "^5.4.4" }, "peerDependencies": { "@opentelemetry/api": ">=1.9.0" }, "optionalPeers": ["@opentelemetry/api"] }, "sha512-A3/JE7pQYSrrRm6/WYJxV3GBhpMdJRPM3h47slQtWBUZe9Sao5En5WBc4tISGQNP2emcez6qIvDziSgD2T+img=="],

    "@orpc/standard-server": ["@orpc/standard-server@1.15.0", "", { "dependencies": { "@orpc/shared": "1.15.0" } }, "sha512-bje/xn6thDqJY/JQ7xoOjmD1KWE4FsyZOPgnPxwqTZLx/r00stRhLuFvk1hDEGj9UlG7NLZEijDVx0wqvcyDzA=="],

    "@orpc/standard-server-aws-lambda": ["@orpc/standard-server-aws-lambda@1.15.0", "", { "dependencies": { "@orpc/shared": "1.15.0", "@orpc/standard-server": "1.15.0", "@orpc/standard-server-fetch": "1.15.0", "@orpc/standard-server-node": "1.15.0" } }, "sha512-laFW7C4t1gEV0NIt4EjCVCBU3kFPnj2FObJLQkTH+DkEOzxVy6zyJ1coIncDSeOPxzbf7rG8cs0B2vQQyuROag=="],

    "@orpc/standard-server-fastify": ["@orpc/standard-server-fastify@1.15.0", "", { "dependencies": { "@orpc/shared": "1.15.0", "@orpc/standard-server": "1.15.0", "@orpc/standard-server-node": "1.15.0" }, "peerDependencies": { "fastify": ">=5.6.1" }, "optionalPeers": ["fastify"] }, "sha512-fcOl2004o3RnZxW7rhLuDCrCKSi/H2eWnyljeeoY+xykcygRf0ONCs2K2bSdxPm6cmvQGAXa9m8VBglG9oERVQ=="],

    "@orpc/standard-server-fetch": ["@orpc/standard-server-fetch@1.15.0", "", { "dependencies": { "@orpc/shared": "1.15.0", "@orpc/standard-server": "1.15.0" } }, "sha512-XYVfgmIt71YrPJSI7RKRiNWjcyktPYHpevkjeohGNBP5aSMAUL95quZArAWr+XOPp4U56XRao54I6wFMZa4How=="],

    "@orpc/standard-server-node": ["@orpc/standard-server-node@1.15.0", "", { "dependencies": { "@orpc/shared": "1.15.0", "@orpc/standard-server": "1.15.0", "@orpc/standard-server-fetch": "1.15.0" } }, "sha512-3ye9SIIhYfJckQwyyGQQRHAEF5vW6QDbax7oi1mOQ9UBHaRDH5kcL28mT0JnETrUvgBoDRx+rfCsQaAOB4n3zw=="],

    "@orpc/standard-server-peer": ["@orpc/standard-server-peer@1.15.0", "", { "dependencies": { "@orpc/shared": "1.15.0", "@orpc/standard-server": "1.15.0" } }, "sha512-fsTN+FrdPkseVx99yRenGJYSp0xOrEk9fODk8oh3zzricNYzlZ8GGgCYtDNgt9vFIR/J05dc+Nk76KhcPBQpLw=="],

    "@orpc/zod": ["@orpc/zod@1.15.0", "", { "dependencies": { "@orpc/json-schema": "1.15.0", "@orpc/openapi": "1.15.0", "@orpc/shared": "1.15.0", "escape-string-regexp": "^5.0.0", "wildcard-match": "^5.1.4" }, "peerDependencies": { "@orpc/contract": "1.15.0", "@orpc/server": "1.15.0", "zod": ">=3.25.0" } }, "sha512-QaxvUaxemoz57ljE6GNoRHy6tUrLz9PZH+NjPtbL2SilTwrtTDPgWzS+D8TYW6VZqhdBJM6jY93j81ygVf88dQ=="],

    "@oxc-parser/binding-android-arm-eabi": ["@oxc-parser/binding-android-arm-eabi@0.147.0", "", { "os": "android", "cpu": "arm" }, "sha512-fOtoGvIoirkvxQVw9J1WJPxz571XPgLsPf9uhRD+PJteUnvrJHMDmK9pw2yZEGGyismtRoEsp+JcXUdF/JDMDw=="],

    "@oxc-parser/binding-android-arm64": ["@oxc-parser/binding-android-arm64@0.147.0", "", { "os": "android", "cpu": "arm64" }, "sha512-emjQHOYJaomo4ykaXQ1EItunr/I94Nk01oqBmU4dSkKSTupIDx6OysVDf2e8Eytm77rb+4ZxzgElyWP7rcEX7A=="],

    "@oxc-parser/binding-darwin-arm64": ["@oxc-parser/binding-darwin-arm64@0.147.0", "", { "os": "darwin", "cpu": "arm64" }, "sha512-kXvBPJL7RmDPJ2mze/vXPPVQimCDtFr9OFLjf7dyhV5Dx64cgcXh9KKrA1sMWvCObvJll9CZZUO0FBlFwD0l6A=="],

    "@oxc-parser/binding-darwin-x64": ["@oxc-parser/binding-darwin-x64@0.147.0", "", { "os": "darwin", "cpu": "x64" }, "sha512-mgFF8pLU6R64LbT27lSrtVRspVC/3IcZ0qyIikzmi78Y3Ik2OPnlAHHI0UEBRcC3qmNgtjaef7zkFt7/uPxIcw=="],

    "@oxc-parser/binding-freebsd-x64": ["@oxc-parser/binding-freebsd-x64@0.147.0", "", { "os": "freebsd", "cpu": "x64" }, "sha512-v38aiF11qufOTBcCAKL4skgQf0zJ4NEvRlivq7B5kHrlyvjCLjvNrMtNWDTz1SDUL6/xVsJRmLDxv2e+Cp4oWw=="],

    "@oxc-parser/binding-linux-arm-gnueabihf": ["@oxc-parser/binding-linux-arm-gnueabihf@0.147.0", "", { "os": "linux", "cpu": "arm" }, "sha512-AeIiBbwUaP0H1+4/qGW9l5qHecS/+XA5iMuieVcGb1T+tyc2dVGspFW13BWk/XrLsiGP/CiDJTJqAPLLCzZHkw=="],

    "@oxc-parser/binding-linux-arm-musleabihf": ["@oxc-parser/binding-linux-arm-musleabihf@0.147.0", "", { "os": "linux", "cpu": "arm" }, "sha512-/41MKPW4RgPY4DJco0NCF0RYX3IMZaVlRNMNzvhaxRavc7tN3Txm+qllZbh0aMRs0VHdgUlbI8TcAOiTai4TKg=="],

    "@oxc-parser/binding-linux-arm64-gnu": ["@oxc-parser/binding-linux-arm64-gnu@0.147.0", "", { "os": "linux", "cpu": "arm64" }, "sha512-bmpw/RPhVXgZbtb3xBDuwW5s8+LvZYdqcDSX/sP2ltL77aTio3DP/B5ZTwwgoJ6Mr9vJs4RrmgEKW9XkLNUU1g=="],

    "@oxc-parser/binding-linux-arm64-musl": ["@oxc-parser/binding-linux-arm64-musl@0.147.0", "", { "os": "linux", "cpu": "arm64" }, "sha512-gd7VX/FDVOw6mjQcu45iIcp4QkgybgJwh3a0OFG2NxmPCj628mQWD96QGu1kK8+mZF9qK4b/gIEyC63vQoB7+Q=="],

    "@oxc-parser/binding-linux-ppc64-gnu": ["@oxc-parser/binding-linux-ppc64-gnu@0.147.0", "", { "os": "linux", "cpu": "ppc64" }, "sha512-HnAzcfki7dSUNHf510Q2NmbJlz8Ys7rn8l9l588Pkx0tYe1BHLZnmELIgqizJ4WPhHGSwN8Ce+B/menVxS3odA=="],

    "@oxc-parser/binding-linux-riscv64-gnu": ["@oxc-parser/binding-linux-riscv64-gnu@0.147.0", "", { "os": "linux", "cpu": "none" }, "sha512-qlkOL6wT44U+fT5s/+sR6Shx0OdwvQF83JyIPZUxG/ovqZF5/7atOtjH+JPZ5/7ATQLbFBBSmghcy/+2NVB/ew=="],

    "@oxc-parser/binding-linux-riscv64-musl": ["@oxc-parser/binding-linux-riscv64-musl@0.147.0", "", { "os": "linux", "cpu": "none" }, "sha512-DlefD7L7sMXs/3hIBH23Egk0phj8kG0SA81dVGOQ3S1ekjOlmTLH2E+F2Thwfh1slKx6aH+lNc5fQYAw0GU7/g=="],

    "@oxc-parser/binding-linux-s390x-gnu": ["@oxc-parser/binding-linux-s390x-gnu@0.147.0", "", { "os": "linux", "cpu": "s390x" }, "sha512-Xqpagk/031IvZ4svrk2FF01YEqM/iN3MJV3SVZadKg/CsGlDCGoREqKHXYnoV5+8SfGe/m6RM1szXFLusTu/Uw=="],

    "@oxc-parser/binding-linux-x64-gnu": ["@oxc-parser/binding-linux-x64-gnu@0.147.0", "", { "os": "linux", "cpu": "x64" }, "sha512-QioQOeUbI4ATUr0S2z88uA3Cds2R3Mm5Ge7U8XNYtlTb2GJF3rWlcj70z0AJhhOlbdm0YgVjqPBldUNbFylDIg=="],

    "@oxc-parser/binding-linux-x64-musl": ["@oxc-parser/binding-linux-x64-musl@0.147.0", "", { "os": "linux", "cpu": "x64" }, "sha512-NXy1tv/OdC+pPTwf9RiCZWPK53V/Xq/2cjSnjOSyKopajdaDqMIkgtDY+jXZemp2e8px5FeWfY2L2LwhKZQovg=="],

    "@oxc-parser/binding-openharmony-arm64": ["@oxc-parser/binding-openharmony-arm64@0.147.0", "", { "os": "none", "cpu": "arm64" }, "sha512-GpGWZ6oKz4bjCWW9Mz5pCaGPyk2Aaze6zEoaslIQqpSLtpx5pXj/ap5gUNb5Jn2LIbqWyjkGLX9yv3NMuNcBVQ=="],

    "@oxc-parser/binding-win32-arm64-msvc": ["@oxc-parser/binding-win32-arm64-msvc@0.147.0", "", { "os": "win32", "cpu": "arm64" }, "sha512-a8mlt7CC8z7LUdCfaxhff4kCd+vSjE+NEFL0cxA8ukfuSnvAto/pWTjytW4BuVLnQGcCVdHJwcRKOfs++H+tjw=="],

    "@oxc-parser/binding-win32-ia32-msvc": ["@oxc-parser/binding-win32-ia32-msvc@0.147.0", "", { "os": "win32", "cpu": "ia32" }, "sha512-M5ViVDBcFLnl2632AuuWuP35zEL5oikK1jTx8r3+902VEDeSNHxFZAB6RZyfZ7MU6Oi5QTOG8MmMkIeHsudSaw=="],

    "@oxc-parser/binding-win32-x64-msvc": ["@oxc-parser/binding-win32-x64-msvc@0.147.0", "", { "os": "win32", "cpu": "x64" }, "sha512-DUaE13OwnUSlHpLZNcC/nuT10ivlWqc5EZgsfgXuAmWYw0r3nDxGeLD1zlGwYwIgVk1/ZMAxoXpV+05stvbHaA=="],

    "@oxc-project/types": ["@oxc-project/types@0.147.0", "", {}, "sha512-IJ3s6ltHLp45S0bh7phkX+gJO7A1Wuz2EaqpAhb8WjqDwbzMiWKHhyyT42tskaWjEYXtHtVCPpnBJVT9+dcRLg=="],

    "@oxfmt/binding-android-arm-eabi": ["@oxfmt/binding-android-arm-eabi@0.65.0", "", { "os": "android", "cpu": "arm" }, "sha512-M10Gs1SSpTNI6ahGx3M/OlIdUF4hkaP6OgUb+MS79t/Pgflk3r1nW5gPFqsZGUAXg0H1AfANT9AvLdBSTIhZKg=="],

    "@oxfmt/binding-android-arm64": ["@oxfmt/binding-android-arm64@0.65.0", "", { "os": "android", "cpu": "arm64" }, "sha512-6DXH5sftNlaHpWJG50hFMF+Qxtq5D2TmahvcDPxWNcGIf8qrC9Y0YgHYcYZ2hlWzaccKXh/f3GcssH8vtkl4JA=="],

    "@oxfmt/binding-darwin-arm64": ["@oxfmt/binding-darwin-arm64@0.65.0", "", { "os": "darwin", "cpu": "arm64" }, "sha512-K9m7lr53pcOLETNsC88sWes/GWHUGjZyHx95UhYcSXy0r30haLdeXlSufSenEAtoLaW753WN8/l4M7GYcRt6cg=="],

    "@oxfmt/binding-darwin-x64": ["@oxfmt/binding-darwin-x64@0.65.0", "", { "os": "darwin", "cpu": "x64" }, "sha512-sTNwIx1gre3MyiHOPLu7IGW4UyMScYL4DTmJT01p4vzB0En+OJUQz6KuH8t0PpsClRSaMuY3b0QmtoPItfO8Lg=="],

    "@oxfmt/binding-freebsd-x64": ["@oxfmt/binding-freebsd-x64@0.65.0", "", { "os": "freebsd", "cpu": "x64" }, "sha512-lYZMVIiIpnjGu5hJb2jxA8NYQ/e0OTGuaiAf4dqlGPNnPmUTu23FZRMltmjro/KkQm1uE4NT4n5yJ2zWmKcpfA=="],

    "@oxfmt/binding-linux-arm-gnueabihf": ["@oxfmt/binding-linux-arm-gnueabihf@0.65.0", "", { "os": "linux", "cpu": "arm" }, "sha512-gIdXFAt/bURnjxuoedDEWdZ0PEWEmdDcm8qdpoFYYvW3QMk/5D4vUaH4mlMeRpeTdST4izUgHVO6RawQ4QulJw=="],

    "@oxfmt/binding-linux-arm-musleabihf": ["@oxfmt/binding-linux-arm-musleabihf@0.65.0", "", { "os": "linux", "cpu": "arm" }, "sha512-jJVyADto7gA2AaX5qAjAexrxx9PJQaKWOe8PICE7yKMbjBRyOHcmj9TtVJ+MZYDUQ3hodU0AcoTj0jFQ1W4C6Q=="],

    "@oxfmt/binding-linux-arm64-gnu": ["@oxfmt/binding-linux-arm64-gnu@0.65.0", "", { "os": "linux", "cpu": "arm64" }, "sha512-p3RFkB+u7u+8up99b/NEcI1hdpLDiGgJYNwDorB60n7eH+eKposAKuMBxx+NqB3b+sJP4CZmYDh9G7X62tUsKg=="],

    "@oxfmt/binding-linux-arm64-musl": ["@oxfmt/binding-linux-arm64-musl@0.65.0", "", { "os": "linux", "cpu": "arm64" }, "sha512-5Prb0uFzJHr+OUD/qS/TmU526wD+PaHDsm3KoRiUXbMIDpTSErjeQYkK3OQeshAvD/PuLa9WGEi9WPajjdOZJg=="],

    "@oxfmt/binding-linux-ppc64-gnu": ["@oxfmt/binding-linux-ppc64-gnu@0.65.0", "", { "os": "linux", "cpu": "ppc64" }, "sha512-S8svxTp81obnF3admN9yd+u2rOYXtyzThLGBTg1PY6TPtGcC09BaaXLQD+TBSMa7yvqhCDZ8DFri+S/yG60qCg=="],

    "@oxfmt/binding-linux-riscv64-gnu": ["@oxfmt/binding-linux-riscv64-gnu@0.65.0", "", { "os": "linux", "cpu": "none" }, "sha512-WtXBr75G/h2qOHy8SiGtC1R6aS3jt4mE52v1D8AtwMXIgoOmSNP9lKvbSaTRoL0e5wsMPoi6T72QWDYPu+S+nA=="],

    "@oxfmt/binding-linux-riscv64-musl": ["@oxfmt/binding-linux-riscv64-musl@0.65.0", "", { "os": "linux", "cpu": "none" }, "sha512-YwSLVvpaz4o/nv/miiPEBJz+eJ+VmbgNIrao6RccK9ce+L5EA8wP+ZD0uFeq6wKOza6zoWv/dR0sj6lip6R3EA=="],

    "@oxfmt/binding-linux-s390x-gnu": ["@oxfmt/binding-linux-s390x-gnu@0.65.0", "", { "os": "linux", "cpu": "s390x" }, "sha512-XQTPqgvyrgkKcFq+Tp2eK6JS7sqqJ+nRmy2Fav4j3I+i4dJoPJm7YwEdoeSDX9xkqj9jZ/lWfF3bXUWztIrn6A=="],

    "@oxfmt/binding-linux-x64-gnu": ["@oxfmt/binding-linux-x64-gnu@0.65.0", "", { "os": "linux", "cpu": "x64" }, "sha512-cjZlx6S/VkeCNWCbwZriTnLnZeTcV3DEyeRGSw/2wwLP9viq+C0bJ4bC1k/ZLkFxDcB1lUgSasPkYGP1bdraOg=="],

    "@oxfmt/binding-linux-x64-musl": ["@oxfmt/binding-linux-x64-musl@0.65.0", "", { "os": "linux", "cpu": "x64" }, "sha512-2azCjxdLtK4zCcIOU1dlXlU0xxfbPi6EjwWx7Ac7teWPidIIDOcIhudup83xNCKYhtqeVd/gaVDOxbUq4syXWA=="],

    "@oxfmt/binding-openharmony-arm64": ["@oxfmt/binding-openharmony-arm64@0.65.0", "", { "os": "none", "cpu": "arm64" }, "sha512-KXQ7xi1e/voP0IQaw6fG6XY4Z5+Llf1XmRSZS1t7pVFCecFJ0iXaboKmVwjFtp5MLlT5iWQrJ2U1C3GJdZ2u+Q=="],

    "@oxfmt/binding-win32-arm64-msvc": ["@oxfmt/binding-win32-arm64-msvc@0.65.0", "", { "os": "win32", "cpu": "arm64" }, "sha512-2FbbjG5jEqLSLKVJwBap84uJfpn5Y5A53KEO0aUNr+zeiRB9nyPUIFMcSbZVMFLitfBytFWRNngozXYjb6Rsbw=="],

    "@oxfmt/binding-win32-ia32-msvc": ["@oxfmt/binding-win32-ia32-msvc@0.65.0", "", { "os": "win32", "cpu": "ia32" }, "sha512-LJ+ZacAPSjegDOnSLyA1TMWAhdDrsK4el3REdr1oL2UtVBCMhO2II/Sb3cEW6mF2MfLhl8hDNCSvc7KSbgk3LQ=="],

    "@oxfmt/binding-win32-x64-msvc": ["@oxfmt/binding-win32-x64-msvc@0.65.0", "", { "os": "win32", "cpu": "x64" }, "sha512-higu9cWEO6XXFzATD1jf0mCK34rNfN2H9JrJie7QB1IhleVpTh0QlLH9Ip2C1H/Nd5n0v5pvRtC+5R0uE4HpVg=="],

    "@oxlint/binding-android-arm-eabi": ["@oxlint/binding-android-arm-eabi@1.80.0", "", { "os": "android", "cpu": "arm" }, "sha512-RM3Plj+biQpxa5d1GOOX6ciDlcUROmm4OZ/pLTpitkQt2mJv4jhtY4cbgaetOm5UKWZe05/TGQ6o1Vl8EOHkrA=="],

    "@oxlint/binding-android-arm64": ["@oxlint/binding-android-arm64@1.80.0", "", { "os": "android", "cpu": "arm64" }, "sha512-YlO5JEf0Yr2bUUlu8O8daVcUxtcGGbcSmyV7E7nSbJbfAdxTE0PFPwgnIlw7wXJaTYjb+qs5hI5q3jxUkI7cAw=="],

    "@oxlint/binding-darwin-arm64": ["@oxlint/binding-darwin-arm64@1.80.0", "", { "os": "darwin", "cpu": "arm64" }, "sha512-BULDOyO3AhsmdWfQeIUCykDt3dd7XZBGLhp1eIh56skRv01O+cNjNPwXMIbeW1x4+pxcln5if72wcRgViVo7PA=="],

    "@oxlint/binding-darwin-x64": ["@oxlint/binding-darwin-x64@1.80.0", "", { "os": "darwin", "cpu": "x64" }, "sha512-YJ4JzLw7N5TDSQFlA0hAQGHvnDZgyypm1yunObVWcWiF9KM7eGCJKYKLgTC2Fi/57OdnBhbj4OkzPGdFQJ6HyA=="],

    "@oxlint/binding-freebsd-x64": ["@oxlint/binding-freebsd-x64@1.80.0", "", { "os": "freebsd", "cpu": "x64" }, "sha512-AYUIk5QnL0s8oWAYsREZwkRYy1SupJTXALo93J1TgzHywxQtdM99FecRMQ87MXEdPQ0j1TmEpeeq3fGNkpvMqg=="],

    "@oxlint/binding-linux-arm-gnueabihf": ["@oxlint/binding-linux-arm-gnueabihf@1.80.0", "", { "os": "linux", "cpu": "arm" }, "sha512-9hBZVANupQ89W9dXyE0n8doCyaW5pDyGn3y6XlIMPZ+rIKuyqkr3SNUXmVJIhuvUq0NBU3RBiSXXE69l4XI6KA=="],

    "@oxlint/binding-linux-arm-musleabihf": ["@oxlint/binding-linux-arm-musleabihf@1.80.0", "", { "os": "linux", "cpu": "arm" }, "sha512-SvS2uKqzY+pbfuvAHzH4338R6Zwo805GAwrIMVvK1KxoOWCIjZUdfzTCvilD7z6JK91v011+zYMryabhDo2AsQ=="],

    "@oxlint/binding-linux-arm64-gnu": ["@oxlint/binding-linux-arm64-gnu@1.80.0", "", { "os": "linux", "cpu": "arm64" }, "sha512-tCLadyqRVL3pQTRPNg7cjXKvcvS4fbyXeQHhKk5BTJ1oftQln5/yIIWbu/Xom/DX41zv2P9QGt6+D/TtQVtY3A=="],

    "@oxlint/binding-linux-arm64-musl": ["@oxlint/binding-linux-arm64-musl@1.80.0", "", { "os": "linux", "cpu": "arm64" }, "sha512-XfpCNRlOPcLlJl4Bn/FUhjqlR6BVavEykERBf/MV7YA9VZDa5g5znVqYhyviMafcxS9Pe/i/kPvHNO0U6svEHQ=="],

    "@oxlint/binding-linux-ppc64-gnu": ["@oxlint/binding-linux-ppc64-gnu@1.80.0", "", { "os": "linux", "cpu": "ppc64" }, "sha512-3I4yMwcFG9NeO8ioY6JBBuKsIm5GL/x7MATt1S4tVWaxPu5HcJ+XnLUbcVBTxG8q2Wu56HSj+NmXQiVYb1lp6A=="],

    "@oxlint/binding-linux-riscv64-gnu": ["@oxlint/binding-linux-riscv64-gnu@1.80.0", "", { "os": "linux", "cpu": "none" }, "sha512-E1wAKymkpe1/E8helzBKdm81OBOF+ezxRyXRMEuik3ZpWDER5CPOKZwF66RsdwW98uwZv8UTFremUQtC1CzdJA=="],

    "@oxlint/binding-linux-riscv64-musl": ["@oxlint/binding-linux-riscv64-musl@1.80.0", "", { "os": "linux", "cpu": "none" }, "sha512-+gLRGD4sIo3+VA++iham5UxD9tKSoJ/VOrROCEXIcknrYtQg6iIQgvjN0cpiRF7N6UYC7pJbvHJlDnMge5LRpQ=="],

    "@oxlint/binding-linux-s390x-gnu": ["@oxlint/binding-linux-s390x-gnu@1.80.0", "", { "os": "linux", "cpu": "s390x" }, "sha512-aR0PrzHj9leW3NmzBAAP4EzdoBNoJcs9sjnIQPIwyRnBGYrRbXUIpEB5Q39AqK3PLY5JK5uEhDQDiUa1QSAstw=="],

    "@oxlint/binding-linux-x64-gnu": ["@oxlint/binding-linux-x64-gnu@1.80.0", "", { "os": "linux", "cpu": "x64" }, "sha512-vSVh5cSo3Xxs6ghBCcFJlpbkbENzDog1qXtoXLa/HC3aCrR4XO76GZbXmQoCPHnu99nQpdCeC3H9tdNICfDh7A=="],

    "@oxlint/binding-linux-x64-musl": ["@oxlint/binding-linux-x64-musl@1.80.0", "", { "os": "linux", "cpu": "x64" }, "sha512-FfzBXpNQ8u7/ZI/p8bl73MeZ508Ax3hxWp3SiJpEFiC+BB9XcXy5FAZHTLKDPSzrUpxQZSZJAVdDmuJp/+HDBQ=="],

    "@oxlint/binding-openharmony-arm64": ["@oxlint/binding-openharmony-arm64@1.80.0", "", { "os": "none", "cpu": "arm64" }, "sha512-zMzbkumtmprCgRwoYNzcB3iC39fXdJIMLMU33KdCjEGLlJGOEt1+LwQ4LF8ndLzAEKVz4BR0y3V6Xrkk3Nm3yA=="],

    "@oxlint/binding-win32-arm64-msvc": ["@oxlint/binding-win32-arm64-msvc@1.80.0", "", { "os": "win32", "cpu": "arm64" }, "sha512-ib6iRcrXsk4t1fm3iKcwksyWh1ZkZXC/2mEzakl0ai2+6HZunf1WWMZ/xP9EJAvw9g9K4UVTC3NF/+G2qLrbTQ=="],

    "@oxlint/binding-win32-ia32-msvc": ["@oxlint/binding-win32-ia32-msvc@1.80.0", "", { "os": "win32", "cpu": "ia32" }, "sha512-xhRWBMpLxZvgKAH6+DJZmpP+W8Y8UdQOSU1JfxSWNXsaBaRGW77j+1hCuNHlzj7OH4SPN8fYd1q0o2qrDtoVyw=="],

    "@oxlint/binding-win32-x64-msvc": ["@oxlint/binding-win32-x64-msvc@1.80.0", "", { "os": "win32", "cpu": "x64" }, "sha512-yAnO7lwBYQnz2pcfBPIGQQZWIX5zd5R/1aAKIF3oE+TVj7IhoHcROjOkz3sRDngzqhfPKfFaXqug5j5rE5dn6Q=="],

    "@repo/typescript-config": ["@repo/typescript-config@workspace:tooling/typescript-config"],

    "@repo/versions": ["@repo/versions@workspace:packages/versions"],

    "@rolldown/binding-android-arm-eabi": ["@rolldown/binding-android-arm-eabi@1.2.5", "", { "os": "android", "cpu": "arm" }, "sha512-DLe/i+l8ynIBY7XEQ191TeZvCoowIGa18R+dIV30GW7DiOtp74i/xX8hs8GUjW5ARV7VZuie3d6AumSmCwbeRA=="],

    "@rolldown/binding-android-arm64": ["@rolldown/binding-android-arm64@1.2.5", "", { "os": "android", "cpu": "arm64" }, "sha512-zXcwKlQApYAOELHd8PwKDFkagYF9Wy4e0RJ+0qnzl9Pjnpj75TEG8ufv40p2J7kCEfwZAsNiuzRIyNNMWT38ig=="],

    "@rolldown/binding-darwin-arm64": ["@rolldown/binding-darwin-arm64@1.2.5", "", { "os": "darwin", "cpu": "arm64" }, "sha512-dK4QakI42nzWgJT5sm4y4y/O//D4OxM75/cH28RLV+nzIN9AY+YsbuUVrUTjlLjXR6vpyxFbSsbmNuJ6BP9sww=="],

    "@rolldown/binding-darwin-x64": ["@rolldown/binding-darwin-x64@1.2.5", "", { "os": "darwin", "cpu": "x64" }, "sha512-fqSALaUu1Wjd1nK2uW2kJDWdLCc8lx1IcY+MTY26Aurfdx19anlzhqXOgCFbBFQnlFDTn4TC1/7Nz4Bl2mLP3A=="],

    "@rolldown/binding-freebsd-x64": ["@rolldown/binding-freebsd-x64@1.2.5", "", { "os": "freebsd", "cpu": "x64" }, "sha512-/vCnNxlkxs9tKxNDcyWUePpJ/PgTzxIaVhoM5SmG8UV+GR/IcPam4VYxi7GIMo7PSDuNqlJqvprqii9NqqVCMw=="],

    "@rolldown/binding-linux-arm-gnueabihf": ["@rolldown/binding-linux-arm-gnueabihf@1.2.5", "", { "os": "linux", "cpu": "arm" }, "sha512-abk0NLA519LxRCszmbE0jYKuQ9YPocOXTiOXOo6Yr+YAT95VH+PtqYAjOJvGKt3viEd/x4qzabAlwd5bHOOARg=="],

    "@rolldown/binding-linux-arm64-gnu": ["@rolldown/binding-linux-arm64-gnu@1.2.5", "", { "os": "linux", "cpu": "arm64" }, "sha512-Y7eALiJ8lr0M2HH103Js+g7V34wf6snlpZLAsHI90uLhr3PVlNsbFVAXJC9d/V6BnPyKtpSwI+NcB/RLxsQxuA=="],

    "@rolldown/binding-linux-arm64-musl": ["@rolldown/binding-linux-arm64-musl@1.2.5", "", { "os": "linux", "cpu": "arm64" }, "sha512-xMvZgnbZg4YVnR/AX2b3oOPDTFYJvUVaJg5FedA/LuvexAtXibZQej4cnTkw3rjsJ/ggUROB64TdtETiim+FYA=="],

    "@rolldown/binding-linux-ppc64-gnu": ["@rolldown/binding-linux-ppc64-gnu@1.2.5", "", { "os": "linux", "cpu": "ppc64" }, "sha512-GRjeqTUDHTo5GwntsLaAMcBahG3nlpjftXWZLN73HiYQlhwEowvarFgQnRnQZtIp4keXX7quXFbG38uPZBa2EA=="],

    "@rolldown/binding-linux-s390x-gnu": ["@rolldown/binding-linux-s390x-gnu@1.2.5", "", { "os": "linux", "cpu": "s390x" }, "sha512-vLNTR45F2Uwc8AufkNXPmB4VliaXs+FvcheEogIzOXzO4l+LzieXF5A/TWxLy5HtqpsRCHUfd0lPVrrdgXdLHQ=="],

    "@rolldown/binding-linux-x64-gnu": ["@rolldown/binding-linux-x64-gnu@1.2.5", "", { "os": "linux", "cpu": "x64" }, "sha512-Mgj59/HTuYeK9Gz2MA+mBWKnHsAgkBSec15ZMb1st3oIfFbX7gCjOae7GydHhzcyQi9Z/7M1QuN9bR3oFqF0jQ=="],

    "@rolldown/binding-linux-x64-musl": ["@rolldown/binding-linux-x64-musl@1.2.5", "", { "os": "linux", "cpu": "x64" }, "sha512-mY8AP0/ichsbhAxGnLa3d3+MwV0EfgrPND2bplI3Ym8T6R2pJ0N87bvrKVwNXmdy3jnr6eQBecdqx/HMknBmpA=="],

    "@rolldown/binding-openharmony-arm64": ["@rolldown/binding-openharmony-arm64@1.2.5", "", { "os": "none", "cpu": "arm64" }, "sha512-8SLssA2oweAxyRgDp789ACfRb/3P+zNRJpzZxSizxF9m8NUDQ4+3xjo8ttjhVGGw6Qxb70oZiEtIjaKikCO7Yw=="],

    "@rolldown/binding-win32-arm64-msvc": ["@rolldown/binding-win32-arm64-msvc@1.2.5", "", { "os": "win32", "cpu": "arm64" }, "sha512-vGbruD5zquhoc8D9SViXgN2FBJtNdTyQ4DtG+SWiEGlJiAzoKcZ2xp+xuXCffhubVdt0NJlTZqkeRuERy7g8Cw=="],

    "@rolldown/binding-win32-x64-msvc": ["@rolldown/binding-win32-x64-msvc@1.2.5", "", { "os": "win32", "cpu": "x64" }, "sha512-e/SXpgISz+IoqVcSSI0rx/d/he8zqLex+/rCWpnHpmVfmPIUjag9H6P7zotf0gJHwPUhQxZ/mF8tr6acebT9yw=="],

    "@rolldown/pluginutils": ["@rolldown/pluginutils@1.0.1", "", {}, "sha512-2j9bGt5Jh8hj+vPtgzPtl72j0yRxHAyumoo6TNfAjsLB04UtpSvPbPcDcBMxz7n+9CYB0c1GxQFxYRg2jimqGw=="],

    "@standard-schema/spec": ["@standard-schema/spec@1.1.0", "", {}, "sha512-l2aFy5jALhniG5HgqrD6jXLi/rUWrKvqN/qJx6yoJsgKhblVd+iqqU4RCXavm/jPityDo5TCvKMnpjKnOriy0w=="],

    "@types/bun": ["@types/bun@1.4.0", "", { "dependencies": { "bun-types": "1.4.0" } }, "sha512-K+lZULY23vRgK/CfTjFIV+tyifaNdSMlPh9j+6mQ/cLfpOznLyAuzgV/JQysyECpkBQLVMSyvjlr2fBUSA9wFQ=="],

    "@types/node": ["@types/node@24.13.3", "", { "dependencies": { "undici-types": "~7.18.0" } }, "sha512-Dh8vAsV36ig5wa9OX4pXvMc9D3Veibfw2wix0CUwYODLD8nkj9UsLjASr49nPg+2eKzxhBV+v7L8pXvT4e639Q=="],

    "@typescript/typescript-aix-ppc64": ["@typescript/typescript-aix-ppc64@7.0.2", "", { "os": "aix", "cpu": "ppc64" }, "sha512-MTKKkWB7p/0E9xi1d1tHtZ5PiLkGEMIq88pK2CubZjOsLtYTLqhgIgi6zepFa+9GHZ6h05NMCkQxGKiPXMxXtQ=="],

    "@typescript/typescript-darwin-arm64": ["@typescript/typescript-darwin-arm64@7.0.2", "", { "os": "darwin", "cpu": "arm64" }, "sha512-gowzar9MwS/aRWp6f3a4KUqzRjAZjOsmGNCM6LcTgXum+dBfgsBVMN+AgvOCCbguXyick6LJhpBszxMebJ8syA=="],

    "@typescript/typescript-darwin-x64": ["@typescript/typescript-darwin-x64@7.0.2", "", { "os": "darwin", "cpu": "x64" }, "sha512-SZ9xZInqApNlNGc9s0W1VSsktYSOe9cFqNOIqmN1Gs8SmkjKZYFt017G4VwPxASInODuAdbTW7sXiFUf893RgA=="],

    "@typescript/typescript-freebsd-arm64": ["@typescript/typescript-freebsd-arm64@7.0.2", "", { "os": "freebsd", "cpu": "arm64" }, "sha512-W5NH4y/J0plIIS5b2xvTEkU7JFxyqdMAOgf+Ilhl0vHQXKO5dZoxd+C/jEtq56c4F3wk71RB4BMRQ2XdI+bwYQ=="],

    "@typescript/typescript-freebsd-x64": ["@typescript/typescript-freebsd-x64@7.0.2", "", { "os": "freebsd", "cpu": "x64" }, "sha512-UMGDx5sTpzNw3WiPebH7l90IWfJggEd+egHt/q6p7/Cm3zqoV7VxkGXt+3DxPIw8CcmvAB0j3sVVfbhX+M4Tpw=="],

    "@typescript/typescript-linux-arm": ["@typescript/typescript-linux-arm@7.0.2", "", { "os": "linux", "cpu": "arm" }, "sha512-gffT3xPz9sR7j/YJExkyPntrI0P2EP9XbOyWzth2/Gs0RstK+90RBcO0ncXoXy/beYll1SXw846Nf2zdnEz0QQ=="],

    "@typescript/typescript-linux-arm64": ["@typescript/typescript-linux-arm64@7.0.2", "", { "os": "linux", "cpu": "arm64" }, "sha512-Qh4eU4/y3yDjnfjjyPYihMj5/ODIlmt+Bzu17OI+fiSRDW57QmU5SiN63exPRNJPKUzcc1INa1NXdrJ+MqHjUQ=="],

    "@typescript/typescript-linux-loong64": ["@typescript/typescript-linux-loong64@7.0.2", "", { "os": "linux", "cpu": "none" }, "sha512-uEHck9i8hoAzXPiYRib1O7miOnz23SxIeVl6F4LXox+qov1K35jHcEW6VHKvZI+pyvl7fZEP4MCU5LYvIq1GuQ=="],

    "@typescript/typescript-linux-mips64el": ["@typescript/typescript-linux-mips64el@7.0.2", "", { "os": "linux", "cpu": "none" }, "sha512-R4KvAMnE43W5Qeqb0Ly56O3mWMWIAgsMyz36DCaycd5nbg/9kzm0liw3JocfRqyJY0KPmzFjbswozXyW0DnIYA=="],

    "@typescript/typescript-linux-ppc64": ["@typescript/typescript-linux-ppc64@7.0.2", "", { "os": "linux", "cpu": "ppc64" }, "sha512-DORx5b3sd/4S7eayxm4FQv+A7CrkUIGRaHiwI8oiHTAI1fAPWhF4J0vAlkC8biAlHSVVwxMQ3tjZ2/DVbnQiiA=="],

    "@typescript/typescript-linux-riscv64": ["@typescript/typescript-linux-riscv64@7.0.2", "", { "os": "linux", "cpu": "none" }, "sha512-wf0jqEDOjrPRnKwYRyyJDRo11KMbvMFrU+q4zqKyChODBzvlkbhNQfKvLxQCcwTpdDaXSHZTVuh0JoCrKCUMHQ=="],

    "@typescript/typescript-linux-s390x": ["@typescript/typescript-linux-s390x@7.0.2", "", { "os": "linux", "cpu": "s390x" }, "sha512-IkwJc3L7yhytWd/ewjyxNDfOmswCm9GWMJT/ue/dU4aZNbwZeYAetq42VyLmsmSjvoX7z74X6ZaYCtzAr0EuGw=="],

    "@typescript/typescript-linux-x64": ["@typescript/typescript-linux-x64@7.0.2", "", { "os": "linux", "cpu": "x64" }, "sha512-EYdf2cNg7rgCWJnxCdJ+F3V39O8ihb37eHAu1LK8oAFizgTQbPOK7zHHXbPt8rX24COqODXeI3sIf0fCXG7H/A=="],

    "@typescript/typescript-netbsd-arm64": ["@typescript/typescript-netbsd-arm64@7.0.2", "", { "os": "none", "cpu": "arm64" }, "sha512-+polYF4MF04aPpO5FTkHran9yUQDSXqy5GiSDKpsll5jy3l3+g9QLhpf39T+ePtefhXLOGrLl0QIjkQP6VnelA=="],

    "@typescript/typescript-netbsd-x64": ["@typescript/typescript-netbsd-x64@7.0.2", "", { "os": "none", "cpu": "x64" }, "sha512-8YIT0EHM/3dq10ZOVF/A7pc/YSMtbcecct4rWtexrnSCHOPcpC2KTLXfTCR6vDpnSiY12heNb1GiN/wu+T/FyA=="],

    "@typescript/typescript-openbsd-arm64": ["@typescript/typescript-openbsd-arm64@7.0.2", "", { "os": "openbsd", "cpu": "arm64" }, "sha512-APT8+ClYnuYm1u9+kgGXoMj2VzWzcymwh2gNSQVySHfkRDGOTVkoWLjCmOQSaO+PoqQ57B0flRp9SA+7GnnkzQ=="],

    "@typescript/typescript-openbsd-x64": ["@typescript/typescript-openbsd-x64@7.0.2", "", { "os": "openbsd", "cpu": "x64" }, "sha512-yX7s+Q0Dln0Dt9tEzZsAjXXR/+ytBM7AlglaqyeMPxQszJ1JhlJdZ6jLA+IzldHtflX81em7lDao1xXu+aRRkg=="],

    "@typescript/typescript-sunos-x64": ["@typescript/typescript-sunos-x64@7.0.2", "", { "os": "sunos", "cpu": "x64" }, "sha512-dLJDGaLZ1D4HPQn62u1n8mBDkJREwMsAkCdkwd4Ieqw+x3TUyTsqY0YiBCtE6H6OzzgGk3iuZ3vFWRS+E8/d1g=="],

    "@typescript/typescript-win32-arm64": ["@typescript/typescript-win32-arm64@7.0.2", "", { "os": "win32", "cpu": "arm64" }, "sha512-Gyl1Vy6OsWesLzmq+EP0Fb7b4Nid5232AvcA2SFcdYreldpNtYFFofPjnt62y9hQy7VTaZp65ICJjuAQRaVcIQ=="],

    "@typescript/typescript-win32-x64": ["@typescript/typescript-win32-x64@7.0.2", "", { "os": "win32", "cpu": "x64" }, "sha512-0BQ3HkAHHlKLSp1qRvf3SUhGpGsDuhB/jgFw75guyqbxJqEaS0Cw/VFO8i2nHglJUzQCRtMMR/IBAKE3ETMC4g=="],

    "@vercel/oidc": ["@vercel/oidc@3.2.0", "", {}, "sha512-UycprH3T6n3jH0k44NHMa7pnFHGu/N05MjojYr+Mc6I7obkoLIJujSWwin1pCvdy/eOxrI/l3uDLQsmcrOb4ug=="],

    "@workflow/serde": ["@workflow/serde@4.1.0", "", {}, "sha512-pav4F2BoirECWR7Nf1TKt+2eETcBj7jj4cBefQ8VXQCA6NPkaKeLfj/zMgi+3zYV5ZIBT4GuUiphsj0/b9hPQQ=="],

    "ai": ["ai@7.0.79", "", { "dependencies": { "@ai-sdk/gateway": "4.0.64", "@ai-sdk/provider": "4.0.8", "@ai-sdk/provider-utils": "5.0.30" }, "peerDependencies": { "zod": "^3.25.76 || ^4.1.8" } }, "sha512-zZkSUq6MgmXjwIfML2wkPFeQ5Azk8kGEWkciAtE0NgnFy3slj4ljsw5LvigsCbYXxTSVr+6iCHBTPZafpx1P0w=="],

    "ajv": ["ajv@8.20.0", "", { "dependencies": { "fast-deep-equal": "^3.1.3", "fast-uri": "^3.0.1", "json-schema-traverse": "^1.0.0", "require-from-string": "^2.0.2" } }, "sha512-Thbli+OlOj+iMPYFBVBfJ3OmCAnaSyNn4M1vz9T6Gka5Jt9ba/HIR56joy65tY6kx/FCF5VXNB819Y7/GUrBGA=="],

    "bun-types": ["bun-types@1.4.0", "", { "dependencies": { "@types/node": "*" } }, "sha512-iIKw23BspnQQYd3prITOBxeUsxBHnwzX6YJfGMuNOZzeNcMmVqzIIVGRm1l69ogaPQmb4wB6BN8mA5bE9YuC5Q=="],

    "consola": ["consola@3.4.2", "", {}, "sha512-5IKcdX0nnYavi6G7TtOhwkYzyjfJlatbjMjuLSfE2kYT5pMDOilZ4OvMhi637CcDICTmz3wARPoyhqyX1Y+XvA=="],

    "cookie": ["cookie@1.1.1", "", {}, "sha512-ei8Aos7ja0weRpFzJnEA9UHJ/7XQmqglbRwnf2ATjcB9Wq874VKH9kfjjirM6UhU2/E5fFYadylyhFldcqSidQ=="],

    "crossws": ["crossws@0.4.12", "", { "peerDependencies": { "srvx": ">=0.11.5" }, "optionalPeers": ["srvx"] }, "sha512-aypfsr6t0uNvkqaZc6zvBfXzC6pLI0/sIulpkV6RwCVtZqG5ebBzv4weImKK0VNCj91Wl9F5j7p5WU4MNrybng=="],

    "db0": ["db0@0.3.4", "", { "peerDependencies": { "@electric-sql/pglite": "*", "@libsql/client": "*", "better-sqlite3": "*", "drizzle-orm": "*", "mysql2": "*", "sqlite3": "*" }, "optionalPeers": ["@electric-sql/pglite", "@libsql/client", "better-sqlite3", "drizzle-orm", "mysql2", "sqlite3"] }, "sha512-RiXXi4WaNzPTHEOu8UPQKMooIbqOEyqA1t7Z6MsdxSCeb8iUC9ko3LcmsLmeUt2SM5bctfArZKkRQggKZz7JNw=="],

    "drizzle-orm": ["drizzle-orm@0.45.2", "", { "peerDependencies": { "@aws-sdk/client-rds-data": ">=3", "@cloudflare/workers-types": ">=4", "@electric-sql/pglite": ">=0.2.0", "@libsql/client": ">=0.10.0", "@libsql/client-wasm": ">=0.10.0", "@neondatabase/serverless": ">=0.10.0", "@op-engineering/op-sqlite": ">=2", "@opentelemetry/api": "^1.4.1", "@planetscale/database": ">=1.13", "@prisma/client": "*", "@tidbcloud/serverless": "*", "@types/better-sqlite3": "*", "@types/pg": "*", "@types/sql.js": "*", "@upstash/redis": ">=1.34.7", "@vercel/postgres": ">=0.8.0", "@xata.io/client": "*", "better-sqlite3": ">=7", "bun-types": "*", "expo-sqlite": ">=14.0.0", "gel": ">=2", "knex": "*", "kysely": "*", "mysql2": ">=2", "pg": ">=8", "postgres": ">=3", "prisma": "*", "sql.js": ">=1", "sqlite3": ">=5" }, "optionalPeers": ["@aws-sdk/client-rds-data", "@cloudflare/workers-types", "@electric-sql/pglite", "@libsql/client", "@libsql/client-wasm", "@neondatabase/serverless", "@op-engineering/op-sqlite", "@opentelemetry/api", "@planetscale/database", "@prisma/client", "@tidbcloud/serverless", "@types/better-sqlite3", "@types/pg", "@types/sql.js", "@upstash/redis", "@vercel/postgres", "@xata.io/client", "better-sqlite3", "bun-types", "expo-sqlite", "gel", "knex", "kysely", "mysql2", "pg", "postgres", "prisma", "sql.js", "sqlite3"] }, "sha512-kY0BSaTNYWnoDMVoyY8uxmyHjpJW1geOmBMdSSicKo9CIIWkSxMIj2rkeSR51b8KAPB7m+qysjuHme5nKP+E5Q=="],

    "env-runner": ["env-runner@0.1.16", "", { "dependencies": { "crossws": "^0.4.8", "exsolve": "^1.1.0", "httpxy": "^0.5.4", "srvx": "^0.11.19" }, "peerDependencies": { "@netlify/runtime": "^4.1.23", "@vercel/queue": ">=0.2.0", "miniflare": "^4.20260515.0", "wrangler": "^4.0.0" }, "optionalPeers": ["@netlify/runtime", "@vercel/queue", "miniflare", "wrangler"], "bin": { "env-runner": "dist/cli.mjs" } }, "sha512-2LRJM4P2KLX6J83QZZrMqvgCDt/D5ea7wPcI3yYiy5cG/9rX5QwdwZFx0D7ktWnjdRyZxYjttGGorb5nFqb1CA=="],

    "escape-string-regexp": ["escape-string-regexp@5.0.0", "", {}, "sha512-/veY75JbMK4j1yjvuUxuVsiS/hr/4iHs9FTT6cgTexxdE0Ly/glccBAkloH/DofkjRbZU3bnoj38mOmhkZ0lHw=="],

    "eve": ["eve@0.44.4", "", { "dependencies": { "nitro": "3.0.260610-beta", "undici": "8.9.0" }, "peerDependencies": { "@opentelemetry/api": "^1.0.0", "ai": "^7.0.58", "braintrust": "^3.0.0", "just-bash": "^3.1.0", "microsandbox": "^0.5.0" }, "optionalPeers": ["@opentelemetry/api", "braintrust", "just-bash", "microsandbox"], "bin": { "eve": "./bin/eve.js" } }, "sha512-juaOffL+doGo8z1gfB5FrO750dZKMaY5G3Qm96N+bASs5nHBwhkGfqHKEyTFGZmXaxBWJpnDRnEgL4rAKtQPcw=="],

    "eventsource-parser": ["eventsource-parser@3.1.1", "", {}, "sha512-EKN1vKAMcZ8MlYMpaNuxN6R9yakzH6uajHcHVTqWJzvu5pWw9DyhbP35HH8MVBQ+dZjAfDxk+A8NiR9KWaXiyQ=="],

    "exsolve": ["exsolve@1.1.1", "", {}, "sha512-9U/jZUgjnSGyntRr6y5Muu1MJcwFl6kPu7k8qLF0IMNfLqvw0NZ4nnVDq0RVoZ0RvCyumib4Ez3KYrVfilrw+g=="],

    "fast-deep-equal": ["fast-deep-equal@3.1.3", "", {}, "sha512-f3qQ9oQy9j2AhBe/H9VC91wLmKBCCU/gDOnKNAYG5hswO7BLKj09Hc5HYNz9cGI++xlpDCIgDaitVs03ATR84Q=="],

    "fast-string-truncated-width": ["fast-string-truncated-width@3.0.3", "", {}, "sha512-0jjjIEL6+0jag3l2XWWizO64/aZVtpiGE3t0Zgqxv0DPuxiMjvB3M24fCyhZUO4KomJQPj3LTSUnDP3GpdwC0g=="],

    "fast-string-width": ["fast-string-width@3.0.2", "", { "dependencies": { "fast-string-truncated-width": "^3.0.2" } }, "sha512-gX8LrtNEI5hq8DVUfRQMbr5lpaS4nMIWV+7XEbXk2b8kiQIizgnlr12B4dA3ZEx3308ze0O4Q1R+cHts8kyUJg=="],

    "fast-uri": ["fast-uri@3.1.6", "", {}, "sha512-7Ical1vFEMr0onbVzEDIreM22I4khW+fzyQPwvAFWBp1iwdshSZRsL4jjRvPG9JP1uiqMHRto+YU6R2/CzDz5Q=="],

    "fast-wrap-ansi": ["fast-wrap-ansi@0.2.2", "", { "dependencies": { "fast-string-width": "^3.0.2" } }, "sha512-7F2Fl+TjRSenLqlU3UjSH0iyqopqoZIu7eZVpEirP2g1GtWa2G/ecEmBdgz31+Mxr+ELclgg6sokpSFIQiZ02Q=="],

    "h3": ["h3@2.0.1-rc.22", "", { "dependencies": { "rou3": "^0.8.1", "srvx": "^0.11.15" }, "peerDependencies": { "crossws": "^0.4.1" }, "optionalPeers": ["crossws"], "bin": { "h3": "bin/h3.mjs" } }, "sha512-Esv0DMIuPkCTSWCA0vO73vcTqwzH1wjSrAO1TXNu/K3up1sZHa9EKMapbmxCDYBeymC3fVTk4qxp7ogQWQ+KgA=="],

    "hookable": ["hookable@6.1.1", "", {}, "sha512-U9LYDy1CwhMCnprUfeAZWZGByVbhd54hwepegYTK7Pi5NvqEj63ifz5z+xukznehT7i6NIZRu89Ay1AZmRsLEQ=="],

    "httpxy": ["httpxy@0.5.5", "", {}, "sha512-uDjmnPyp1q4Sgzf3w+J/Fc6UqcCEj0x4Wjp7OqK5dGhNeDgpyrAmnS6ey8QWrX3SWDon2DMKf9sBa5X9+CVyMA=="],

    "json-schema": ["json-schema@0.4.0", "", {}, "sha512-es94M3nTIfsEPisRafak+HDLfHXnKBhV3vU5eqPcS3flIWqcxJWgXHXiey3YrpaNsanY5ei1VoYEbOzijuq9BA=="],

    "json-schema-traverse": ["json-schema-traverse@1.0.0", "", {}, "sha512-NM8/P9n3XjXhIZn1lLhkFaACTOURQXjWhV4BA/RnOv8xvgqtqpAX9IO4mRQxSx1Rlo4tqzeqb0sOlruaOy3dug=="],

    "json-schema-typed": ["json-schema-typed@8.0.2", "", {}, "sha512-fQhoXdcvc3V28x7C7BMs4P5+kNlgUURe2jmUT1T//oBRMDrqy1QPelJimwZGo7Hg9VPV3EQV5Bnq4hbFy2vetA=="],

    "nf3": ["nf3@0.3.24", "", {}, "sha512-HxLK4bo+5jNsEETZp4w3tJblHOA9MCBY14IN9nZJJV8JDxt9yNIYxuBuLMjTAR5GFa3HL61+8VQDUrXv3/C8fw=="],

    "nitro": ["nitro@3.0.260610-beta", "", { "dependencies": { "consola": "^3.4.2", "crossws": "^0.4.6", "db0": "^0.3.4", "env-runner": "^0.1.12", "h3": "2.0.1-rc.22", "hookable": "^6.1.1", "nf3": "^0.3.17", "ocache": "^0.1.5", "ofetch": "2.0.0-alpha.3", "ohash": "^2.0.11", "rolldown": "^1.1.0", "srvx": "^0.11.16", "unenv": "2.0.0-rc.24", "unstorage": "2.0.0-alpha.7" }, "peerDependencies": { "@vercel/queue": "^0.3.0", "dotenv": "*", "giget": "*", "jiti": "^2.7.0", "rollup": "^4.61.1", "vite": "^7 || ^8", "xml2js": "^0.6.2", "zephyr-agent": "^0.2.0" }, "optionalPeers": ["@vercel/queue", "dotenv", "giget", "jiti", "rollup", "vite", "xml2js", "zephyr-agent"], "bin": { "nitro": "dist/cli/index.mjs" } }, "sha512-KPb4L5yaF/Rx/xoGMpgHRJvZhbhGiqbRKOwwPLCH9jKTKTsEUHLjnJas85AeCzaswqa8Wi52eQBtRsODC4PS0Q=="],

    "ocache": ["ocache@0.1.5", "", { "dependencies": { "ohash": "^2.0.11" } }, "sha512-kNNnkkVQup/QDvmTz8Q84wc2ntiyoVHDxa6eHWKt5qdGAmFRBIxy83rxgCYEjW0x06UJ9E3P6VgM2yY4rOBH4w=="],

    "ofetch": ["ofetch@2.0.0-alpha.3", "", {}, "sha512-zpYTCs2byOuft65vI3z43Dd6iSdFbOZZLb9/d21aCpx2rGastVU9dOCv0lu4ykc1Ur1anAYjDi3SUvR0vq50JA=="],

    "ohash": ["ohash@2.0.12", "", {}, "sha512-65S/5gk9YSsaRjcyf7Nfa6h/d3E8/1gslpXfI4W7Dxn/oap8IKRuNT5VXkLQ1YFKIEg4apRY4Pj6aiwFzrDdmw=="],

    "openapi-types": ["openapi-types@12.1.3", "", {}, "sha512-N4YtSYJqghVu4iek2ZUvcN/0aqH1kRDuNqzcycDxhOUpg7GdvLa2F3DgS6yBNhInhv2r/6I0Flkn7CqL8+nIcw=="],

    "oxc-parser": ["oxc-parser@0.147.0", "", { "dependencies": { "@oxc-project/types": "^0.147.0" }, "optionalDependencies": { "@oxc-parser/binding-android-arm-eabi": "0.147.0", "@oxc-parser/binding-android-arm64": "0.147.0", "@oxc-parser/binding-darwin-arm64": "0.147.0", "@oxc-parser/binding-darwin-x64": "0.147.0", "@oxc-parser/binding-freebsd-x64": "0.147.0", "@oxc-parser/binding-linux-arm-gnueabihf": "0.147.0", "@oxc-parser/binding-linux-arm-musleabihf": "0.147.0", "@oxc-parser/binding-linux-arm64-gnu": "0.147.0", "@oxc-parser/binding-linux-arm64-musl": "0.147.0", "@oxc-parser/binding-linux-ppc64-gnu": "0.147.0", "@oxc-parser/binding-linux-riscv64-gnu": "0.147.0", "@oxc-parser/binding-linux-riscv64-musl": "0.147.0", "@oxc-parser/binding-linux-s390x-gnu": "0.147.0", "@oxc-parser/binding-linux-x64-gnu": "0.147.0", "@oxc-parser/binding-linux-x64-musl": "0.147.0", "@oxc-parser/binding-openharmony-arm64": "0.147.0", "@oxc-parser/binding-win32-arm64-msvc": "0.147.0", "@oxc-parser/binding-win32-ia32-msvc": "0.147.0", "@oxc-parser/binding-win32-x64-msvc": "0.147.0" } }, "sha512-5xaug6t7GfV3BO5Iv+xHW1rmQkDEQ3BEu3L8g3InsvWO5i8CYGc4tCZ2X985QcwWNycFJam+aOns6Nr2XAThTA=="],

    "oxfmt": ["oxfmt@0.65.0", "", { "dependencies": { "tinypool": "2.1.0" }, "optionalDependencies": { "@oxfmt/binding-android-arm-eabi": "0.65.0", "@oxfmt/binding-android-arm64": "0.65.0", "@oxfmt/binding-darwin-arm64": "0.65.0", "@oxfmt/binding-darwin-x64": "0.65.0", "@oxfmt/binding-freebsd-x64": "0.65.0", "@oxfmt/binding-linux-arm-gnueabihf": "0.65.0", "@oxfmt/binding-linux-arm-musleabihf": "0.65.0", "@oxfmt/binding-linux-arm64-gnu": "0.65.0", "@oxfmt/binding-linux-arm64-musl": "0.65.0", "@oxfmt/binding-linux-ppc64-gnu": "0.65.0", "@oxfmt/binding-linux-riscv64-gnu": "0.65.0", "@oxfmt/binding-linux-riscv64-musl": "0.65.0", "@oxfmt/binding-linux-s390x-gnu": "0.65.0", "@oxfmt/binding-linux-x64-gnu": "0.65.0", "@oxfmt/binding-linux-x64-musl": "0.65.0", "@oxfmt/binding-openharmony-arm64": "0.65.0", "@oxfmt/binding-win32-arm64-msvc": "0.65.0", "@oxfmt/binding-win32-ia32-msvc": "0.65.0", "@oxfmt/binding-win32-x64-msvc": "0.65.0" }, "peerDependencies": { "svelte": "^5.0.0", "vite-plus": "*" }, "optionalPeers": ["svelte", "vite-plus"], "bin": { "oxfmt": "bin/oxfmt" } }, "sha512-SgS5VgnP42T0zl3zWD+xoH8FCqg1SAFnSRoOT/qeoa6gxcYIqrDMOmcXIg/EWSN92Du4ogB4riuKhKd6Y4CGhw=="],

    "oxlint": ["oxlint@1.80.0", "", { "optionalDependencies": { "@oxlint/binding-android-arm-eabi": "1.80.0", "@oxlint/binding-android-arm64": "1.80.0", "@oxlint/binding-darwin-arm64": "1.80.0", "@oxlint/binding-darwin-x64": "1.80.0", "@oxlint/binding-freebsd-x64": "1.80.0", "@oxlint/binding-linux-arm-gnueabihf": "1.80.0", "@oxlint/binding-linux-arm-musleabihf": "1.80.0", "@oxlint/binding-linux-arm64-gnu": "1.80.0", "@oxlint/binding-linux-arm64-musl": "1.80.0", "@oxlint/binding-linux-ppc64-gnu": "1.80.0", "@oxlint/binding-linux-riscv64-gnu": "1.80.0", "@oxlint/binding-linux-riscv64-musl": "1.80.0", "@oxlint/binding-linux-s390x-gnu": "1.80.0", "@oxlint/binding-linux-x64-gnu": "1.80.0", "@oxlint/binding-linux-x64-musl": "1.80.0", "@oxlint/binding-openharmony-arm64": "1.80.0", "@oxlint/binding-win32-arm64-msvc": "1.80.0", "@oxlint/binding-win32-ia32-msvc": "1.80.0", "@oxlint/binding-win32-x64-msvc": "1.80.0" }, "peerDependencies": { "oxlint-tsgolint": ">=7.0.2001", "vite-plus": "*" }, "optionalPeers": ["oxlint-tsgolint", "vite-plus"], "bin": { "oxlint": "bin/oxlint" } }, "sha512-5nTiSps4qdbCWLbxzuO00alHkEO2exR9YMN/ig6QXWrLsYSG0KaObOAM+l6oU2LcKPWoSAGYbkZIGEu1ViiWKA=="],

    "pathe": ["pathe@2.0.3", "", {}, "sha512-WUjGcAqP1gQacoQe+OBJsFA7Ld4DyXuUIjZ5cc75cLHvJ7dtNsTugphxIADwspS+AraAUePCKrSVtPLFj/F88w=="],

    "radash": ["radash@12.1.1", "", {}, "sha512-h36JMxKRqrAxVD8201FrCpyeNuUY9Y5zZwujr20fFO77tpUtGa6EZzfKw/3WaiBX95fq7+MpsuMLNdSnORAwSA=="],

    "require-from-string": ["require-from-string@2.0.2", "", {}, "sha512-Xf0nWe6RseziFMu+Ap9biiUbmplq6S9/p+7w7YXP/JBHhrUDDUhwa+vANyubuqfZWTveU//DYVGsDG7RKL/vEw=="],

    "rolldown": ["rolldown@1.2.5", "", { "dependencies": { "@oxc-project/types": "=0.146.0", "@rolldown/pluginutils": "^1.0.0" }, "optionalDependencies": { "@rolldown/binding-android-arm-eabi": "1.2.5", "@rolldown/binding-android-arm64": "1.2.5", "@rolldown/binding-darwin-arm64": "1.2.5", "@rolldown/binding-darwin-x64": "1.2.5", "@rolldown/binding-freebsd-x64": "1.2.5", "@rolldown/binding-linux-arm-gnueabihf": "1.2.5", "@rolldown/binding-linux-arm64-gnu": "1.2.5", "@rolldown/binding-linux-arm64-musl": "1.2.5", "@rolldown/binding-linux-ppc64-gnu": "1.2.5", "@rolldown/binding-linux-s390x-gnu": "1.2.5", "@rolldown/binding-linux-x64-gnu": "1.2.5", "@rolldown/binding-linux-x64-musl": "1.2.5", "@rolldown/binding-openharmony-arm64": "1.2.5", "@rolldown/binding-win32-arm64-msvc": "1.2.5", "@rolldown/binding-win32-x64-msvc": "1.2.5" }, "bin": { "rolldown": "./bin/cli.mjs" } }, "sha512-VD2IE5PUG4Oj8zz2VGykiYd5wbnjdIiSsNQb8Qu5B+noEp+A78mu2iVvpp27g8es14Tk9rofNs5Tku9iQCS4fA=="],

    "rou3": ["rou3@0.7.12", "", {}, "sha512-iFE4hLDuloSWcD7mjdCDhx2bKcIsYbtOTpfH5MHHLSKMOUyjqQXTeZVa289uuwEGEKFoE/BAPbhaU4B774nceg=="],

    "sisteransi": ["sisteransi@1.0.5", "", {}, "sha512-bLGGlR1QxBcynn2d5YmDX4MGjlZvy2MRBDRNHLJ8VI6l6+9FUiyTFNJ0IveOSP0bcXgVDPRcfGqA0pjaqUpfVg=="],

    "srvx": ["srvx@0.11.22", "", { "bin": { "srvx": "bin/srvx.mjs" } }, "sha512-LqZxxBDMKuMAZzFzJnDCkFOrs9MZQZr0LvHiO/SuSZVdQaXD7xQ5UWTUxheJrQPve1qk9MG2B/yttUvJxw8egQ=="],

    "tagged-tag": ["tagged-tag@1.0.0", "", {}, "sha512-yEFYrVhod+hdNyx7g5Bnkkb0G6si8HJurOoOEgC8B/O0uXLHlaey/65KRv6cuWBNhBgHKAROVpc7QyYqE5gFng=="],

    "tinypool": ["tinypool@2.1.0", "", {}, "sha512-Pugqs6M0m7Lv1I7FtxN4aoyToKg1C4tu+/381vH35y8oENM/Ai7f7C4StcoK4/+BSw9ebcS8jRiVrORFKCALLw=="],

    "type-fest": ["type-fest@5.8.0", "", { "dependencies": { "tagged-tag": "^1.0.0" } }, "sha512-YGYEVz3Fm5iy/AybuA0oyNFq7H4CgQNfRp/qfe8nurE1kuCeNm3/vfm9X4Mtl+qLyaKJUh5xrFZwogr41SMjYA=="],

    "typescript": ["typescript@7.0.2", "", { "optionalDependencies": { "@typescript/typescript-aix-ppc64": "7.0.2", "@typescript/typescript-darwin-arm64": "7.0.2", "@typescript/typescript-darwin-x64": "7.0.2", "@typescript/typescript-freebsd-arm64": "7.0.2", "@typescript/typescript-freebsd-x64": "7.0.2", "@typescript/typescript-linux-arm": "7.0.2", "@typescript/typescript-linux-arm64": "7.0.2", "@typescript/typescript-linux-loong64": "7.0.2", "@typescript/typescript-linux-mips64el": "7.0.2", "@typescript/typescript-linux-ppc64": "7.0.2", "@typescript/typescript-linux-riscv64": "7.0.2", "@typescript/typescript-linux-s390x": "7.0.2", "@typescript/typescript-linux-x64": "7.0.2", "@typescript/typescript-netbsd-arm64": "7.0.2", "@typescript/typescript-netbsd-x64": "7.0.2", "@typescript/typescript-openbsd-arm64": "7.0.2", "@typescript/typescript-openbsd-x64": "7.0.2", "@typescript/typescript-sunos-x64": "7.0.2", "@typescript/typescript-win32-arm64": "7.0.2", "@typescript/typescript-win32-x64": "7.0.2" }, "bin": { "tsc": "bin/tsc" } }, "sha512-8FYau96o3NKOhbjKi/qNvG/W5jhzxkbdm5sj9AbZ/5T5sWqn3hJgLfGx27sRKZWTvyzCP8dLRBTf5tBTSRVUNA=="],

    "undici": ["undici@8.9.0", "", {}, "sha512-aWZpUj7XoGonMClx4gdDRfgBjqeA+F473aDmROQQbM9n6PRfK/u1q/a0X4wMTgcHfT8H6fpbt98PFuDUwFg2YA=="],

    "undici-types": ["undici-types@7.18.2", "", {}, "sha512-AsuCzffGHJybSaRrmr5eHr81mwJU3kjw6M+uprWvCXiNeN9SOGwQ3Jn8jb8m3Z6izVgknn1R0FTCEAP2QrLY/w=="],

    "unenv": ["unenv@2.0.0-rc.24", "", { "dependencies": { "pathe": "^2.0.3" } }, "sha512-i7qRCmY42zmCwnYlh9H2SvLEypEFGye5iRmEMKjcGi7zk9UquigRjFtTLz0TYqr0ZGLZhaMHl/foy1bZR+Cwlw=="],

    "unstorage": ["unstorage@2.0.0-alpha.7", "", { "peerDependencies": { "@azure/app-configuration": "^1.11.0", "@azure/cosmos": "^4.9.1", "@azure/data-tables": "^13.3.2", "@azure/identity": "^4.13.0", "@azure/keyvault-secrets": "^4.10.0", "@azure/storage-blob": "^12.31.0", "@capacitor/preferences": "^6 || ^7 || ^8", "@deno/kv": ">=0.13.0", "@netlify/blobs": "^6.5.0 || ^7.0.0 || ^8.1.0 || ^9.0.0 || ^10.0.0", "@planetscale/database": "^1.19.0", "@upstash/redis": "^1.36.2", "@vercel/blob": ">=0.27.3", "@vercel/functions": "^2.2.12 || ^3.0.0", "@vercel/kv": "^1.0.1", "aws4fetch": "^1.0.20", "chokidar": "^4 || ^5", "db0": ">=0.3.4", "idb-keyval": "^6.2.2", "ioredis": "^5.9.3", "lru-cache": "^11.2.6", "mongodb": "^6 || ^7", "ofetch": "*", "uploadthing": "^7.7.4" }, "optionalPeers": ["@azure/app-configuration", "@azure/cosmos", "@azure/data-tables", "@azure/identity", "@azure/keyvault-secrets", "@azure/storage-blob", "@capacitor/preferences", "@deno/kv", "@netlify/blobs", "@planetscale/database", "@upstash/redis", "@vercel/blob", "@vercel/functions", "@vercel/kv", "aws4fetch", "chokidar", "db0", "idb-keyval", "ioredis", "lru-cache", "mongodb", "ofetch", "uploadthing"] }, "sha512-ELPztchk2zgFJnakyodVY3vJWGW9jy//keJ32IOJVGUMyaPydwcA1FtVvWqT0TNRch9H+cMNEGllfVFfScImog=="],

    "wildcard-match": ["wildcard-match@5.1.4", "", {}, "sha512-wldeCaczs8XXq7hj+5d/F38JE2r7EXgb6WQDM84RVwxy81T/sxB5e9+uZLK9Q9oNz1mlvjut+QtvgaOQFPVq/g=="],

    "zod": ["zod@4.4.3", "", {}, "sha512-ytENFjIJFl2UwYglde2jchW2Hwm4GJFLDiSXWdTrJQBIN9Fcyp7n4DhxJEiWNAJMV1/BqWfW/kkg71UDcHJyTQ=="],

    "@ai-sdk/provider-utils/undici": ["undici@7.29.0", "", {}, "sha512-IDxfleLmmbSskfWSUATiN1nfn2rDuvnMOqb5CWR92iIfojA0Ud+ulOAAEQ57LPr9rWmsreUyf5lwyao+7GNNVw=="],

    "h3/rou3": ["rou3@0.8.1", "", {}, "sha512-ePa+XGk00/3HuCqrEnK3LxJW7I0SdNg6EFzKUJG73hMAdDcOUC/i/aSz7LSDwLrGr33kal/rqOGydzwl6U7zBA=="],

    "rolldown/@oxc-project/types": ["@oxc-project/types@0.146.0", "", {}, "sha512-XC0QsnnhVe7sLIWmYmdPw7x5P0h4W8vUU3Nv1ySgWXtvCz8NizoAEpGXA0sOYoJQV2Rl13LgURAHQ5cI5ILCSA=="],
  }
}
